
Microsoft Visual Studio Solution File, Format Version 11.00
# Visual Studio 2010
Project("{FAE04EC0-301F-11D3-BF4B-00C04F79EFBC}") = "OpenLayers.Web", "OpenLayers.Web\OpenLayers.Web.csproj", "{2908E6AC-E39D-4E7F-9036-1D661B23F08D}"
EndProject
Global
	GlobalSection(SolutionConfigurationPlatforms) = preSolution
		Debug|Any CPU = Debug|Any CPU
		Release|Any CPU = Release|Any CPU
	EndGlobalSection
	GlobalSection(ProjectConfigurationPlatforms) = postSolution
		{2908E6AC-E39D-4E7F-9036-1D661B23F08D}.Debug|Any CPU.ActiveCfg = Debug|Any CPU
		{2908E6AC-E39D-4E7F-9036-1D661B23F08D}.Debug|Any CPU.Build.0 = Debug|Any CPU
		{2908E6AC-E39D-4E7F-9036-1D661B23F08D}.Release|Any CPU.ActiveCfg = Release|Any CPU
		{2908E6AC-E39D-4E7F-9036-1D661B23F08D}.Release|Any CPU.Build.0 = Release|Any CPU
	EndGlobalSection
	GlobalSection(SolutionProperties) = preSolution
		HideSolutionNode = FALSE
	EndGlobalSection
EndGlobal
